
Microsoft Visual Studio Solution File, Format Version 12.00
# Visual Studio 15
VisualStudioVersion = 15.0.26730.16
MinimumVisualStudioVersion = 10.0.40219.1
Project("{FAE04EC0-301F-11D3-BF4B-00C04F79EFBC}") = "LibraryMVC", "LibraryMVC\LibraryMVC.csproj", "{C6DCA8F4-64EC-4954-8A50-0DB45B6F4589}"
EndProject
Global
	GlobalSection(SolutionConfigurationPlatforms) = preSolution
		Debug|Any CPU = Debug|Any CPU
		Release|Any CPU = Release|Any CPU
	EndGlobalSection
	GlobalSection(ProjectConfigurationPlatforms) = postSolution
		{C6DCA8F4-64EC-4954-8A50-0DB45B6F4589}.Debug|Any CPU.ActiveCfg = Debug|Any CPU
		{C6DCA8F4-64EC-4954-8A50-0DB45B6F4589}.Debug|Any CPU.Build.0 = Debug|Any CPU
		{C6DCA8F4-64EC-4954-8A50-0DB45B6F4589}.Release|Any CPU.ActiveCfg = Release|Any CPU
		{C6DCA8F4-64EC-4954-8A50-0DB45B6F4589}.Release|Any CPU.Build.0 = Release|Any CPU
	EndGlobalSection
	GlobalSection(SolutionProperties) = preSolution
		HideSolutionNode = FALSE
	EndGlobalSection
	GlobalSection(ExtensibilityGlobals) = postSolution
		SolutionGuid = {041F7D12-3FE1-4CC1-8FF3-06182E68C87F}
	EndGlobalSection
EndGlobal
